
Microsoft Visual Studio Solution File, Format Version 12.00
# Visual Studio Version 17
VisualStudioVersion = 17.1.32210.238
MinimumVisualStudioVersion = 10.0.40219.1
Project("{F184B08F-C81C-45F6-A57F-5ABD9991F28F}") = "MyAppGUI", "MyAppGUI\MyAppGUI.vbproj", "{A5C942DE-E6A4-4B5F-9F82-9CD1C915BE2D}"
EndProject
Global
	GlobalSection(SolutionConfigurationPlatforms) = preSolution
		Debug|Any CPU = Debug|Any CPU
		Release|Any CPU = Release|Any CPU
	EndGlobalSection
	GlobalSection(ProjectConfigurationPlatforms) = postSolution
		{A5C942DE-E6A4-4B5F-9F82-9CD1C915BE2D}.Debug|Any CPU.ActiveCfg = Debug|Any CPU
		{A5C942DE-E6A4-4B5F-9F82-9CD1C915BE2D}.Debug|Any CPU.Build.0 = Debug|Any CPU
		{A5C942DE-E6A4-4B5F-9F82-9CD1C915BE2D}.Release|Any CPU.ActiveCfg = Release|Any CPU
		{A5C942DE-E6A4-4B5F-9F82-9CD1C915BE2D}.Release|Any CPU.Build.0 = Release|Any CPU
	EndGlobalSection
	GlobalSection(SolutionProperties) = preSolution
		HideSolutionNode = FALSE
	EndGlobalSection
	GlobalSection(ExtensibilityGlobals) = postSolution
		SolutionGuid = {D4973C1F-4E61-445C-8529-7069CB16A151}
	EndGlobalSection
EndGlobal
